// !$*UTF8*$!
{
	archiveVersion = 1;
	classes = {
	};
	objectVersion = 55;
	objects = {

/* Begin PBXBuildFile section */
		66D227CE28C50AFB00FBF2DF /* AppDelegate.swift in Sources */ = {isa = PBXBuildFile; fileRef = 66D227CD28C50AFB00FBF2DF /* AppDelegate.swift */; };
		66D227D028C50AFB00FBF2DF /* SceneDelegate.swift in Sources */ = {isa = PBXBuildFile; fileRef = 66D227CF28C50AFB00FBF2DF /* SceneDelegate.swift */; };
		66D227D528C50AFB00FBF2DF /* Main.storyboard in Resources */ = {isa = PBXBuildFile; fileRef = 66D227D328C50AFB00FBF2DF /* Main.storyboard */; };
		66D227D728C50AFD00FBF2DF /* Assets.xcassets in Resources */ = {isa = PBXBuildFile; fileRef = 66D227D628C50AFD00FBF2DF /* Assets.xcassets */; };
		66D227DA28C50AFD00FBF2DF /* LaunchScreen.storyboard in Resources */ = {isa = PBXBuildFile; fileRef = 66D227D828C50AFD00FBF2DF /* LaunchScreen.storyboard */; };
		66D227E428C50C0C00FBF2DF /* AlertListTableViewController.swift in Sources */ = {isa = PBXBuildFile; fileRef = 66D227E328C50C0C00FBF2DF /* AlertListTableViewController.swift */; };
		66D227E728C50C6A00FBF2DF /* AlertListCell.swift in Sources */ = {isa = PBXBuildFile; fileRef = 66D227E528C50C6A00FBF2DF /* AlertListCell.swift */; };
		66D227E828C50C6A00FBF2DF /* AlertListCell.xib in Resources */ = {isa = PBXBuildFile; fileRef = 66D227E628C50C6A00FBF2DF /* AlertListCell.xib */; };
		66D227EA28C50D9400FBF2DF /* Alert.swift in Sources */ = {isa = PBXBuildFile; fileRef = 66D227E928C50D9400FBF2DF /* Alert.swift */; };
		66D227EC28C50FFE00FBF2DF /* AddAlertViewController.swift in Sources */ = {isa = PBXBuildFile; fileRef = 66D227EB28C50FFE00FBF2DF /* AddAlertViewController.swift */; };
		66D227EE28C517A200FBF2DF /* UNNotificationCenter.swift in Sources */ = {isa = PBXBuildFile; fileRef = 66D227ED28C517A200FBF2DF /* UNNotificationCenter.swift */; };
/* End PBXBuildFile section */

/* Begin PBXFileReference section */
		66D227CA28C50AFB00FBF2DF /* Drink.app */ = {isa = PBXFileReference; explicitFileType = wrapper.application; includeInIndex = 0; path = Drink.app; sourceTree = BUILT_PRODUCTS_DIR; };
		66D227CD28C50AFB00FBF2DF /* AppDelegate.swift */ = {isa = PBXFileReference; lastKnownFileType = sourcecode.swift; path = AppDelegate.swift; sourceTree = "<group>"; };
		66D227CF28C50AFB00FBF2DF /* SceneDelegate.swift */ = {isa = PBXFileReference; lastKnownFileType = sourcecode.swift; path = SceneDelegate.swift; sourceTree = "<group>"; };
		66D227D428C50AFB00FBF2DF /* Base */ = {isa = PBXFileReference; lastKnownFileType = file.storyboard; name = Base; path = Base.lproj/Main.storyboard; sourceTree = "<group>"; };
		66D227D628C50AFD00FBF2DF /* Assets.xcassets */ = {isa = PBXFileReference; lastKnownFileType = folder.assetcatalog; path = Assets.xcassets; sourceTree = "<group>"; };
		66D227D928C50AFD00FBF2DF /* Base */ = {isa = PBXFileReference; lastKnownFileType = file.storyboard; name = Base; path = Base.lproj/LaunchScreen.storyboard; sourceTree = "<group>"; };
		66D227DB28C50AFD00FBF2DF /* Info.plist */ = {isa = PBXFileReference; lastKnownFileType = text.plist.xml; path = Info.plist; sourceTree = "<group>"; };
		66D227E328C50C0C00FBF2DF /* AlertListTableViewController.swift */ = {isa = PBXFileReference; lastKnownFileType = sourcecode.swift; path = AlertListTableViewController.swift; sourceTree = "<group>"; };
		66D227E528C50C6A00FBF2DF /* AlertListCell.swift */ = {isa = PBXFileReference; lastKnownFileType = sourcecode.swift; path = AlertListCell.swift; sourceTree = "<group>"; };
		66D227E628C50C6A00FBF2DF /* AlertListCell.xib */ = {isa = PBXFileReference; lastKnownFileType = file.xib; path = AlertListCell.xib; sourceTree = "<group>"; };
		66D227E928C50D9400FBF2DF /* Alert.swift */ = {isa = PBXFileReference; lastKnownFileType = sourcecode.swift; path = Alert.swift; sourceTree = "<group>"; };
		66D227EB28C50FFE00FBF2DF /* AddAlertViewController.swift */ = {isa = PBXFileReference; lastKnownFileType = sourcecode.swift; path = AddAlertViewController.swift; sourceTree = "<group>"; };
		66D227ED28C517A200FBF2DF /* UNNotificationCenter.swift */ = {isa = PBXFileReference; lastKnownFileType = sourcecode.swift; path = UNNotificationCenter.swift; sourceTree = "<group>"; };
/* End PBXFileReference section */

/* Begin PBXFrameworksBuildPhase section */
		66D227C728C50AFB00FBF2DF /* Frameworks */ = {
			isa = PBXFrameworksBuildPhase;
			buildActionMask = 2147483647;
			files = (
			);
			runOnlyForDeploymentPostprocessing = 0;
		};
/* End PBXFrameworksBuildPhase section */

/* Begin PBXGroup section */
		66D227C128C50AFB00FBF2DF = {
			isa = PBXGroup;
			children = (
				66D227CC28C50AFB00FBF2DF /* Drink */,
				66D227CB28C50AFB00FBF2DF /* Products */,
			);
			sourceTree = "<group>";
		};
		66D227CB28C50AFB00FBF2DF /* Products */ = {
			isa = PBXGroup;
			children = (
				66D227CA28C50AFB00FBF2DF /* Drink.app */,
			);
			name = Products;
			sourceTree = "<group>";
		};
		66D227CC28C50AFB00FBF2DF /* Drink */ = {
			isa = PBXGroup;
			children = (
				66D227ED28C517A200FBF2DF /* UNNotificationCenter.swift */,
				66D227CD28C50AFB00FBF2DF /* AppDelegate.swift */,
				66D227CF28C50AFB00FBF2DF /* SceneDelegate.swift */,
				66D227D328C50AFB00FBF2DF /* Main.storyboard */,
				66D227E528C50C6A00FBF2DF /* AlertListCell.swift */,
				66D227E628C50C6A00FBF2DF /* AlertListCell.xib */,
				66D227E328C50C0C00FBF2DF /* AlertListTableViewController.swift */,
				66D227EB28C50FFE00FBF2DF /* AddAlertViewController.swift */,
				66D227E928C50D9400FBF2DF /* Alert.swift */,
				66D227D628C50AFD00FBF2DF /* Assets.xcassets */,
				66D227D828C50AFD00FBF2DF /* LaunchScreen.storyboard */,
				66D227DB28C50AFD00FBF2DF /* Info.plist */,
			);
			path = Drink;
			sourceTree = "<group>";
		};
/* End PBXGroup section */

/* Begin PBXNativeTarget section */
		66D227C928C50AFB00FBF2DF /* Drink */ = {
			isa = PBXNativeTarget;
			buildConfigurationList = 66D227DE28C50AFD00FBF2DF /* Build configuration list for PBXNativeTarget "Drink" */;
			buildPhases = (
				66D227C628C50AFB00FBF2DF /* Sources */,
				66D227C728C50AFB00FBF2DF /* Frameworks */,
				66D227C828C50AFB00FBF2DF /* Resources */,
			);
			buildRules = (
			);
			dependencies = (
			);
			name = Drink;
			productName = Drink;
			productReference = 66D227CA28C50AFB00FBF2DF /* Drink.app */;
			productType = "com.apple.product-type.application";
		};
/* End PBXNativeTarget section */

/* Begin PBXProject section */
		66D227C228C50AFB00FBF2DF /* Project object */ = {
			isa = PBXProject;
			attributes = {
				BuildIndependentTargetsInParallel = 1;
				LastSwiftUpdateCheck = 1340;
				LastUpgradeCheck = 1340;
				TargetAttributes = {
					66D227C928C50AFB00FBF2DF = {
						CreatedOnToolsVersion = 13.4.1;
					};
				};
			};
			buildConfigurationList = 66D227C528C50AFB00FBF2DF /* Build configuration list for PBXProject "Drink" */;
			compatibilityVersion = "Xcode 13.0";
			developmentRegion = en;
			hasScannedForEncodings = 0;
			knownRegions = (
				en,
				Base,
			);
			mainGroup = 66D227C128C50AFB00FBF2DF;
			productRefGroup = 66D227CB28C50AFB00FBF2DF /* Products */;
			projectDirPath = "";
			projectRoot = "";
			targets = (
				66D227C928C50AFB00FBF2DF /* Drink */,
			);
		};
/* End PBXProject section */

/* Begin PBXResourcesBuildPhase section */
		66D227C828C50AFB00FBF2DF /* Resources */ = {
			isa = PBXResourcesBuildPhase;
			buildActionMask = 2147483647;
			files = (
				66D227DA28C50AFD00FBF2DF /* LaunchScreen.storyboard in Resources */,
				66D227D728C50AFD00FBF2DF /* Assets.xcassets in Resources */,
				66D227E828C50C6A00FBF2DF /* AlertListCell.xib in Resources */,
				66D227D528C50AFB00FBF2DF /* Main.storyboard in Resources */,
			);
			runOnlyForDeploymentPostprocessing = 0;
		};
/* End PBXResourcesBuildPhase section */

/* Begin PBXSourcesBuildPhase section */
		66D227C628C50AFB00FBF2DF /* Sources */ = {
			isa = PBXSourcesBuildPhase;
			buildActionMask = 2147483647;
			files = (
				66D227CE28C50AFB00FBF2DF /* AppDelegate.swift in Sources */,
				66D227E428C50C0C00FBF2DF /* AlertListTableViewController.swift in Sources */,
				66D227E728C50C6A00FBF2DF /* AlertListCell.swift in Sources */,
				66D227EA28C50D9400FBF2DF /* Alert.swift in Sources */,
				66D227D028C50AFB00FBF2DF /* SceneDelegate.swift in Sources */,
				66D227EE28C517A200FBF2DF /* UNNotificationCenter.swift in Sources */,
				66D227EC28C50FFE00FBF2DF /* AddAlertViewController.swift in Sources */,
			);
			runOnlyForDeploymentPostprocessing = 0;
		};
/* End PBXSourcesBuildPhase section */

/* Begin PBXVariantGroup section */
		66D227D328C50AFB00FBF2DF /* Main.storyboard */ = {
			isa = PBXVariantGroup;
			children = (
				66D227D428C50AFB00FBF2DF /* Base */,
			);
			name = Main.storyboard;
			sourceTree = "<group>";
		};
		66D227D828C50AFD00FBF2DF /* LaunchScreen.storyboard */ = {
			isa = PBXVariantGroup;
			children = (
				66D227D928C50AFD00FBF2DF /* Base */,
			);
			name = LaunchScreen.storyboard;
			sourceTree = "<group>";
		};
/* End PBXVariantGroup section */

/* Begin XCBuildConfiguration section */
		66D227DC28C50AFD00FBF2DF /* Debug */ = {
			isa = XCBuildConfiguration;
			buildSettings = {
				ALWAYS_SEARCH_USER_PATHS = NO;
				CLANG_ANALYZER_NONNULL = YES;
				CLANG_ANALYZER_NUMBER_OBJECT_CONVERSION = YES_AGGRESSIVE;
				CLANG_CXX_LANGUAGE_STANDARD = "gnu++17";
				CLANG_ENABLE_MODULES = YES;
				CLANG_ENABLE_OBJC_ARC = YES;
				CLANG_ENABLE_OBJC_WEAK = YES;
				CLANG_WARN_BLOCK_CAPTURE_AUTORELEASING = YES;
				CLANG_WARN_BOOL_CONVERSION = YES;
				CLANG_WARN_COMMA = YES;
				CLANG_WARN_CONSTANT_CONVERSION = YES;
				CLANG_WARN_DEPRECATED_OBJC_IMPLEMENTATIONS = YES;
				CLANG_WARN_DIRECT_OBJC_ISA_USAGE = YES_ERROR;
				CLANG_WARN_DOCUMENTATION_COMMENTS = YES;
				CLANG_WARN_EMPTY_BODY = YES;
				CLANG_WARN_ENUM_CONVERSION = YES;
				CLANG_WARN_INFINITE_RECURSION = YES;
				CLANG_WARN_INT_CONVERSION = YES;
				CLANG_WARN_NON_LITERAL_NULL_CONVERSION = YES;
				CLANG_WARN_OBJC_IMPLICIT_RETAIN_SELF = YES;
				CLANG_WARN_OBJC_LITERAL_CONVERSION = YES;
				CLANG_WARN_OBJC_ROOT_CLASS = YES_ERROR;
				CLANG_WARN_QUOTED_INCLUDE_IN_FRAMEWORK_HEADER = YES;
				CLANG_WARN_RANGE_LOOP_ANALYSIS = YES;
				CLANG_WARN_STRICT_PROTOTYPES = YES;
				CLANG_WARN_SUSPICIOUS_MOVE = YES;
				CLANG_WARN_UNGUARDED_AVAILABILITY = YES_AGGRESSIVE;
				CLANG_WARN_UNREACHABLE_CODE = YES;
				CLANG_WARN__DUPLICATE_METHOD_MATCH = YES;
				COPY_PHASE_STRIP = NO;
				DEBUG_INFORMATION_FORMAT = dwarf;
				ENABLE_STRICT_OBJC_MSGSEND = YES;
				ENABLE_TESTABILITY = YES;
				GCC_C_LANGUAGE_STANDARD = gnu11;
				GCC_DYNAMIC_NO_PIC = NO;
				GCC_NO_COMMON_BLOCKS = YES;
				GCC_OPTIMIZATION_LEVEL = 0;
				GCC_PREPROCESSOR_DEFINITIONS = (
					"DEBUG=1",
					"$(inherited)",
				);
				GCC_WARN_64_TO_32_BIT_CONVERSION = YES;
				GCC_WARN_ABOUT_RETURN_TYPE = YES_ERROR;
				GCC_WARN_UNDECLARED_SELECTOR = YES;
				GCC_WARN_UNINITIALIZED_AUTOS = YES_AGGRESSIVE;
				GCC_WARN_UNUSED_FUNCTION = YES;
				GCC_WARN_UNUSED_VARIABLE = YES;
				IPHONEOS_DEPLOYMENT_TARGET = 15.5;
				MTL_ENABLE_DEBUG_INFO = INCLUDE_SOURCE;
				MTL_FAST_MATH = YES;
				ONLY_ACTIVE_ARCH = YES;
				SDKROOT = iphoneos;
				SWIFT_ACTIVE_COMPILATION_CONDITIONS = DEBUG;
				SWIFT_OPTIMIZATION_LEVEL = "-Onone";
			};
			name = Debug;
		};
		66D227DD28C50AFD00FBF2DF /* Release */ = {
			isa = XCBuildConfiguration;
			buildSettings = {
				ALWAYS_SEARCH_USER_PATHS = NO;
				CLANG_ANALYZER_NONNULL = YES;
				CLANG_ANALYZER_NUMBER_OBJECT_CONVERSION = YES_AGGRESSIVE;
				CLANG_CXX_LANGUAGE_STANDARD = "gnu++17";
				CLANG_ENABLE_MODULES = YES;
				CLANG_ENABLE_OBJC_ARC = YES;
				CLANG_ENABLE_OBJC_WEAK = YES;
				CLANG_WARN_BLOCK_CAPTURE_AUTORELEASING = YES;
				CLANG_WARN_BOOL_CONVERSION = YES;
				CLANG_WARN_COMMA = YES;
				CLANG_WARN_CONSTANT_CONVERSION = YES;
				CLANG_WARN_DEPRECATED_OBJC_IMPLEMENTATIONS = YES;
				CLANG_WARN_DIRECT_OBJC_ISA_USAGE = YES_ERROR;
				CLANG_WARN_DOCUMENTATION_COMMENTS = YES;
				CLANG_WARN_EMPTY_BODY = YES;
				CLANG_WARN_ENUM_CONVERSION = YES;
				CLANG_WARN_INFINITE_RECURSION = YES;
				CLANG_WARN_INT_CONVERSION = YES;
				CLANG_WARN_NON_LITERAL_NULL_CONVERSION = YES;
				CLANG_WARN_OBJC_IMPLICIT_RETAIN_SELF = YES;
				CLANG_WARN_OBJC_LITERAL_CONVERSION = YES;
				CLANG_WARN_OBJC_ROOT_CLASS = YES_ERROR;
				CLANG_WARN_QUOTED_INCLUDE_IN_FRAMEWORK_HEADER = YES;
				CLANG_WARN_RANGE_LOOP_ANALYSIS = YES;
				CLANG_WARN_STRICT_PROTOTYPES = YES;
				CLANG_WARN_SUSPICIOUS_MOVE = YES;
				CLANG_WARN_UNGUARDED_AVAILABILITY = YES_AGGRESSIVE;
				CLANG_WARN_UNREACHABLE_CODE = YES;
				CLANG_WARN__DUPLICATE_METHOD_MATCH = YES;
				COPY_PHASE_STRIP = NO;
				DEBUG_INFORMATION_FORMAT = "dwarf-with-dsym";
				ENABLE_NS_ASSERTIONS = NO;
				ENABLE_STRICT_OBJC_MSGSEND = YES;
				GCC_C_LANGUAGE_STANDARD = gnu11;
				GCC_NO_COMMON_BLOCKS = YES;
				GCC_WARN_64_TO_32_BIT_CONVERSION = YES;
				GCC_WARN_ABOUT_RETURN_TYPE = YES_ERROR;
				GCC_WARN_UNDECLARED_SELECTOR = YES;
				GCC_WARN_UNINITIALIZED_AUTOS = YES_AGGRESSIVE;
				GCC_WARN_UNUSED_FUNCTION = YES;
				GCC_WARN_UNUSED_VARIABLE = YES;
				IPHONEOS_DEPLOYMENT_TARGET = 15.5;
				MTL_ENABLE_DEBUG_INFO = NO;
				MTL_FAST_MATH = YES;
				SDKROOT = iphoneos;
				SWIFT_COMPILATION_MODE = wholemodule;
				SWIFT_OPTIMIZATION_LEVEL = "-O";
				VALIDATE_PRODUCT = YES;
			};
			name = Release;
		};
		66D227DF28C50AFD00FBF2DF /* Debug */ = {
			isa = XCBuildConfiguration;
			buildSettings = {
				ASSETCATALOG_COMPILER_APPICON_NAME = AppIcon;
				ASSETCATALOG_COMPILER_GLOBAL_ACCENT_COLOR_NAME = AccentColor;
				CODE_SIGN_STYLE = Automatic;
				CURRENT_PROJECT_VERSION = 1;
				DEVELOPMENT_TEAM = VW2UR5Y845;
				GENERATE_INFOPLIST_FILE = YES;
				INFOPLIST_FILE = Drink/Info.plist;
				INFOPLIST_KEY_UIApplicationSupportsIndirectInputEvents = YES;
				INFOPLIST_KEY_UILaunchStoryboardName = LaunchScreen;
				INFOPLIST_KEY_UIMainStoryboardFile = Main;
				INFOPLIST_KEY_UISupportedInterfaceOrientations_iPad = "UIInterfaceOrientationPortrait UIInterfaceOrientationPortraitUpsideDown UIInterfaceOrientationLandscapeLeft UIInterfaceOrientationLandscapeRight";
				INFOPLIST_KEY_UISupportedInterfaceOrientations_iPhone = "UIInterfaceOrientationPortrait UIInterfaceOrientationLandscapeLeft UIInterfaceOrientationLandscapeRight";
				LD_RUNPATH_SEARCH_PATHS = (
					"$(inherited)",
					"@executable_path/Frameworks",
				);
				MARKETING_VERSION = 1.0;
				PRODUCT_BUNDLE_IDENTIFIER = com.JUNHYEOK.Drink;
				PRODUCT_NAME = "$(TARGET_NAME)";
				SWIFT_EMIT_LOC_STRINGS = YES;
				SWIFT_VERSION = 5.0;
				TARGETED_DEVICE_FAMILY = 1;
			};
			name = Debug;
		};
		66D227E028C50AFD00FBF2DF /* Release */ = {
			isa = XCBuildConfiguration;
			buildSettings = {
				ASSETCATALOG_COMPILER_APPICON_NAME = AppIcon;
				ASSETCATALOG_COMPILER_GLOBAL_ACCENT_COLOR_NAME = AccentColor;
				CODE_SIGN_STYLE = Automatic;
				CURRENT_PROJECT_VERSION = 1;
				DEVELOPMENT_TEAM = VW2UR5Y845;
				GENERATE_INFOPLIST_FILE = YES;
				INFOPLIST_FILE = Drink/Info.plist;
				INFOPLIST_KEY_UIApplicationSupportsIndirectInputEvents = YES;
				INFOPLIST_KEY_UILaunchStoryboardName = LaunchScreen;
				INFOPLIST_KEY_UIMainStoryboardFile = Main;
				INFOPLIST_KEY_UISupportedInterfaceOrientations_iPad = "UIInterfaceOrientationPortrait UIInterfaceOrientationPortraitUpsideDown UIInterfaceOrientationLandscapeLeft UIInterfaceOrientationLandscapeRight";
				INFOPLIST_KEY_UISupportedInterfaceOrientations_iPhone = "UIInterfaceOrientationPortrait UIInterfaceOrientationLandscapeLeft UIInterfaceOrientationLandscapeRight";
				LD_RUNPATH_SEARCH_PATHS = (
					"$(inherited)",
					"@executable_path/Frameworks",
				);
				MARKETING_VERSION = 1.0;
				PRODUCT_BUNDLE_IDENTIFIER = com.JUNHYEOK.Drink;
				PRODUCT_NAME = "$(TARGET_NAME)";
				SWIFT_EMIT_LOC_STRINGS = YES;
				SWIFT_VERSION = 5.0;
				TARGETED_DEVICE_FAMILY = 1;
			};
			name = Release;
		};
/* End XCBuildConfiguration section */

/* Begin XCConfigurationList section */
		66D227C528C50AFB00FBF2DF /* Build configuration list for PBXProject "Drink" */ = {
			isa = XCConfigurationList;
			buildConfigurations = (
				66D227DC28C50AFD00FBF2DF /* Debug */,
				66D227DD28C50AFD00FBF2DF /* Release */,
			);
			defaultConfigurationIsVisible = 0;
			defaultConfigurationName = Release;
		};
		66D227DE28C50AFD00FBF2DF /* Build configuration list for PBXNativeTarget "Drink" */ = {
			isa = XCConfigurationList;
			buildConfigurations = (
				66D227DF28C50AFD00FBF2DF /* Debug */,
				66D227E028C50AFD00FBF2DF /* Release */,
			);
			defaultConfigurationIsVisible = 0;
			defaultConfigurationName = Release;
		};
/* End XCConfigurationList section */
	};
	rootObject = 66D227C228C50AFB00FBF2DF /* Project object */;
}
